
Microsoft Visual Studio Solution File, Format Version 12.00
# Visual Studio 14
VisualStudioVersion = 14.0.25123.0
MinimumVisualStudioVersion = 10.0.40219.1
Project("{FAE04EC0-301F-11D3-BF4B-00C04F79EFBC}") = "DS3_FightclubBlacklist", "DS3_FightclubBlacklist\DS3_FightclubBlacklist.csproj", "{D157ED84-63C0-4F58-A92C-154C9C13223B}"
EndProject
Global
	GlobalSection(SolutionConfigurationPlatforms) = preSolution
		Debug|Any CPU = Debug|Any CPU
		Release|Any CPU = Release|Any CPU
	EndGlobalSection
	GlobalSection(ProjectConfigurationPlatforms) = postSolution
		{D157ED84-63C0-4F58-A92C-154C9C13223B}.Debug|Any CPU.ActiveCfg = Debug|Any CPU
		{D157ED84-63C0-4F58-A92C-154C9C13223B}.Debug|Any CPU.Build.0 = Debug|Any CPU
		{D157ED84-63C0-4F58-A92C-154C9C13223B}.Release|Any CPU.ActiveCfg = Release|Any CPU
		{D157ED84-63C0-4F58-A92C-154C9C13223B}.Release|Any CPU.Build.0 = Release|Any CPU
	EndGlobalSection
	GlobalSection(SolutionProperties) = preSolution
		HideSolutionNode = FALSE
	EndGlobalSection
EndGlobal
